
Microsoft Visual Studio Solution File, Format Version 12.00
Project("{FAE04EC0-301F-11D3-BF4B-00C04F79EFBC}") = "CRUDWithDapper.Api", "CRUDWithDapper.Api\CRUDWithDapper.Api.csproj", "{01940FD4-E6EA-43DF-BE2A-842D5438E534}"
EndProject
Project("{2150E333-8FDC-42A3-9474-1A3956D46DE8}") = "Solution Items", "Solution Items", "{D8FB22C9-0B34-4809-9704-6B7C397DB82A}"
	ProjectSection(SolutionItems) = preProject
		docker-compose.yml = docker-compose.yml
	EndProjectSection
EndProject
Global
	GlobalSection(SolutionConfigurationPlatforms) = preSolution
		Debug|Any CPU = Debug|Any CPU
		Release|Any CPU = Release|Any CPU
	EndGlobalSection
	GlobalSection(ProjectConfigurationPlatforms) = postSolution
		{01940FD4-E6EA-43DF-BE2A-842D5438E534}.Debug|Any CPU.ActiveCfg = Debug|Any CPU
		{01940FD4-E6EA-43DF-BE2A-842D5438E534}.Debug|Any CPU.Build.0 = Debug|Any CPU
		{01940FD4-E6EA-43DF-BE2A-842D5438E534}.Release|Any CPU.ActiveCfg = Release|Any CPU
		{01940FD4-E6EA-43DF-BE2A-842D5438E534}.Release|Any CPU.Build.0 = Release|Any CPU
	EndGlobalSection
EndGlobal
